
Microsoft Visual Studio Solution File, Format Version 12.00
# Visual Studio Version 17
VisualStudioVersion = 17.0.31903.59
MinimumVisualStudioVersion = 10.0.40219.1
Project("{2150E333-8FDC-42A3-9474-1A3956D46DE8}") = "src", "src", "{787EC329-FCEC-4A59-9C04-802D839C3367}"
EndProject
Project("{FAE04EC0-301F-11D3-BF4B-00C04F79EFBC}") = "D4Hub.Core", "src\D4Hub.Core\D4Hub.Core.csproj", "{559D4880-DF03-4FCD-B208-C15871D3623F}"
EndProject
Project("{FAE04EC0-301F-11D3-BF4B-00C04F79EFBC}") = "D4Hub.App", "src\D4Hub.App\D4Hub.App.csproj", "{2CB1C3CD-0306-4315-8CA7-78079D367597}"
EndProject
Project("{2150E333-8FDC-42A3-9474-1A3956D46DE8}") = "tests", "tests", "{C883AE46-AE5B-4B9A-BC7D-37DB5735125A}"
EndProject
Project("{FAE04EC0-301F-11D3-BF4B-00C04F79EFBC}") = "D4Hub.AcceptanceTests", "tests\D4Hub.AcceptanceTests\D4Hub.AcceptanceTests.csproj", "{1E1B6322-12FC-456B-98D1-E72F0675D365}"
EndProject
Project("{FAE04EC0-301F-11D3-BF4B-00C04F79EFBC}") = "D4Hub.VisionProbe", "tests\D4Hub.VisionProbe\D4Hub.VisionProbe.csproj", "{8DEF6590-460E-4ADF-930C-298AC4455D4E}"
EndProject
Project("{FAE04EC0-301F-11D3-BF4B-00C04F79EFBC}") = "D4Hub.GameWindowFixture", "tests\D4Hub.GameWindowFixture\D4Hub.GameWindowFixture.csproj", "{3C632B7A-2B0A-4F6C-AFCD-685EA558CFDA}"
EndProject
Project("{2150E333-8FDC-42A3-9474-1A3956D46DE8}") = "tools", "tools", "{119268AB-0F2C-4683-AC48-A46AF65CC706}"
EndProject
Project("{FAE04EC0-301F-11D3-BF4B-00C04F79EFBC}") = "D4Hub.LibraryTool", "tools\D4Hub.LibraryTool\D4Hub.LibraryTool.csproj", "{684B9A3B-B9BD-418D-B28A-435C085C105E}"
EndProject
Project("{FAE04EC0-301F-11D3-BF4B-00C04F79EFBC}") = "D4Hub.CombatProbe", "tools\D4Hub.CombatProbe\D4Hub.CombatProbe.csproj", "{B66397D1-BECE-4EB2-8264-03EB9D9A11E8}"
EndProject
Global
	GlobalSection(SolutionConfigurationPlatforms) = preSolution
		Debug|Any CPU = Debug|Any CPU
		Release|Any CPU = Release|Any CPU
	EndGlobalSection
	GlobalSection(SolutionProperties) = preSolution
		HideSolutionNode = FALSE
	EndGlobalSection
	GlobalSection(ProjectConfigurationPlatforms) = postSolution
		{559D4880-DF03-4FCD-B208-C15871D3623F}.Debug|Any CPU.ActiveCfg = Debug|Any CPU
		{559D4880-DF03-4FCD-B208-C15871D3623F}.Debug|Any CPU.Build.0 = Debug|Any CPU
		{559D4880-DF03-4FCD-B208-C15871D3623F}.Release|Any CPU.ActiveCfg = Release|Any CPU
		{559D4880-DF03-4FCD-B208-C15871D3623F}.Release|Any CPU.Build.0 = Release|Any CPU
		{2CB1C3CD-0306-4315-8CA7-78079D367597}.Debug|Any CPU.ActiveCfg = Debug|Any CPU
		{2CB1C3CD-0306-4315-8CA7-78079D367597}.Debug|Any CPU.Build.0 = Debug|Any CPU
		{2CB1C3CD-0306-4315-8CA7-78079D367597}.Release|Any CPU.ActiveCfg = Release|Any CPU
		{2CB1C3CD-0306-4315-8CA7-78079D367597}.Release|Any CPU.Build.0 = Release|Any CPU
		{1E1B6322-12FC-456B-98D1-E72F0675D365}.Debug|Any CPU.ActiveCfg = Debug|Any CPU
		{1E1B6322-12FC-456B-98D1-E72F0675D365}.Debug|Any CPU.Build.0 = Debug|Any CPU
		{1E1B6322-12FC-456B-98D1-E72F0675D365}.Release|Any CPU.ActiveCfg = Release|Any CPU
		{1E1B6322-12FC-456B-98D1-E72F0675D365}.Release|Any CPU.Build.0 = Release|Any CPU
		{8DEF6590-460E-4ADF-930C-298AC4455D4E}.Debug|Any CPU.ActiveCfg = Debug|Any CPU
		{8DEF6590-460E-4ADF-930C-298AC4455D4E}.Debug|Any CPU.Build.0 = Debug|Any CPU
		{8DEF6590-460E-4ADF-930C-298AC4455D4E}.Release|Any CPU.ActiveCfg = Release|Any CPU
		{8DEF6590-460E-4ADF-930C-298AC4455D4E}.Release|Any CPU.Build.0 = Release|Any CPU
		{3C632B7A-2B0A-4F6C-AFCD-685EA558CFDA}.Debug|Any CPU.ActiveCfg = Debug|Any CPU
		{3C632B7A-2B0A-4F6C-AFCD-685EA558CFDA}.Debug|Any CPU.Build.0 = Debug|Any CPU
		{3C632B7A-2B0A-4F6C-AFCD-685EA558CFDA}.Release|Any CPU.ActiveCfg = Release|Any CPU
		{3C632B7A-2B0A-4F6C-AFCD-685EA558CFDA}.Release|Any CPU.Build.0 = Release|Any CPU
		{684B9A3B-B9BD-418D-B28A-435C085C105E}.Debug|Any CPU.ActiveCfg = Debug|Any CPU
		{684B9A3B-B9BD-418D-B28A-435C085C105E}.Debug|Any CPU.Build.0 = Debug|Any CPU
		{684B9A3B-B9BD-418D-B28A-435C085C105E}.Release|Any CPU.ActiveCfg = Release|Any CPU
		{684B9A3B-B9BD-418D-B28A-435C085C105E}.Release|Any CPU.Build.0 = Release|Any CPU
		{B66397D1-BECE-4EB2-8264-03EB9D9A11E8}.Debug|Any CPU.ActiveCfg = Debug|Any CPU
		{B66397D1-BECE-4EB2-8264-03EB9D9A11E8}.Debug|Any CPU.Build.0 = Debug|Any CPU
		{B66397D1-BECE-4EB2-8264-03EB9D9A11E8}.Release|Any CPU.ActiveCfg = Release|Any CPU
		{B66397D1-BECE-4EB2-8264-03EB9D9A11E8}.Release|Any CPU.Build.0 = Release|Any CPU
	EndGlobalSection
	GlobalSection(NestedProjects) = preSolution
		{559D4880-DF03-4FCD-B208-C15871D3623F} = {787EC329-FCEC-4A59-9C04-802D839C3367}
		{2CB1C3CD-0306-4315-8CA7-78079D367597} = {787EC329-FCEC-4A59-9C04-802D839C3367}
		{1E1B6322-12FC-456B-98D1-E72F0675D365} = {C883AE46-AE5B-4B9A-BC7D-37DB5735125A}
		{8DEF6590-460E-4ADF-930C-298AC4455D4E} = {C883AE46-AE5B-4B9A-BC7D-37DB5735125A}
		{3C632B7A-2B0A-4F6C-AFCD-685EA558CFDA} = {C883AE46-AE5B-4B9A-BC7D-37DB5735125A}
		{684B9A3B-B9BD-418D-B28A-435C085C105E} = {119268AB-0F2C-4683-AC48-A46AF65CC706}
		{B66397D1-BECE-4EB2-8264-03EB9D9A11E8} = {119268AB-0F2C-4683-AC48-A46AF65CC706}
	EndGlobalSection
EndGlobal
